
Microsoft Visual Studio Solution File, Format Version 12.00
# Visual Studio 14
VisualStudioVersion = 14.0.23107.0
MinimumVisualStudioVersion = 10.0.40219.1
Project("{FAE04EC0-301F-11D3-BF4B-00C04F79EFBC}") = "My_Logger", "My_Logger\My_Logger.csproj", "{0612991C-A60F-4BF5-8E02-C98EF39AD41C}"
EndProject
Project("{FAE04EC0-301F-11D3-BF4B-00C04F79EFBC}") = "My_MsgPubSub_byRedis", "My_MsgPubSub_byRedis\My_MsgPubSub_byRedis.csproj", "{2F226677-6FE9-4902-93F2-90F3D68BA5DA}"
EndProject
Project("{FAE04EC0-301F-11D3-BF4B-00C04F79EFBC}") = "Common", "Common\Common.csproj", "{D0913231-987C-42D8-8724-84E261448FDA}"
EndProject
Project("{FAE04EC0-301F-11D3-BF4B-00C04F79EFBC}") = "My_DDD", "My_DDD\My_DDD.csproj", "{5E098AEF-B1E1-43BD-BE47-FEE22B8265BE}"
EndProject
Project("{FAE04EC0-301F-11D3-BF4B-00C04F79EFBC}") = "Model", "Model\Model.csproj", "{53124C1E-18C4-4021-A57C-D0E97A71E13E}"
EndProject
Global
	GlobalSection(SolutionConfigurationPlatforms) = preSolution
		Debug|Any CPU = Debug|Any CPU
		Release|Any CPU = Release|Any CPU
	EndGlobalSection
	GlobalSection(ProjectConfigurationPlatforms) = postSolution
		{0612991C-A60F-4BF5-8E02-C98EF39AD41C}.Debug|Any CPU.ActiveCfg = Debug|Any CPU
		{0612991C-A60F-4BF5-8E02-C98EF39AD41C}.Debug|Any CPU.Build.0 = Debug|Any CPU
		{0612991C-A60F-4BF5-8E02-C98EF39AD41C}.Release|Any CPU.ActiveCfg = Release|Any CPU
		{0612991C-A60F-4BF5-8E02-C98EF39AD41C}.Release|Any CPU.Build.0 = Release|Any CPU
		{2F226677-6FE9-4902-93F2-90F3D68BA5DA}.Debug|Any CPU.ActiveCfg = Debug|Any CPU
		{2F226677-6FE9-4902-93F2-90F3D68BA5DA}.Debug|Any CPU.Build.0 = Debug|Any CPU
		{2F226677-6FE9-4902-93F2-90F3D68BA5DA}.Release|Any CPU.ActiveCfg = Release|Any CPU
		{2F226677-6FE9-4902-93F2-90F3D68BA5DA}.Release|Any CPU.Build.0 = Release|Any CPU
		{D0913231-987C-42D8-8724-84E261448FDA}.Debug|Any CPU.ActiveCfg = Debug|Any CPU
		{D0913231-987C-42D8-8724-84E261448FDA}.Debug|Any CPU.Build.0 = Debug|Any CPU
		{D0913231-987C-42D8-8724-84E261448FDA}.Release|Any CPU.ActiveCfg = Release|Any CPU
		{D0913231-987C-42D8-8724-84E261448FDA}.Release|Any CPU.Build.0 = Release|Any CPU
		{5E098AEF-B1E1-43BD-BE47-FEE22B8265BE}.Debug|Any CPU.ActiveCfg = Debug|Any CPU
		{5E098AEF-B1E1-43BD-BE47-FEE22B8265BE}.Debug|Any CPU.Build.0 = Debug|Any CPU
		{5E098AEF-B1E1-43BD-BE47-FEE22B8265BE}.Release|Any CPU.ActiveCfg = Release|Any CPU
		{5E098AEF-B1E1-43BD-BE47-FEE22B8265BE}.Release|Any CPU.Build.0 = Release|Any CPU
		{53124C1E-18C4-4021-A57C-D0E97A71E13E}.Debug|Any CPU.ActiveCfg = Debug|Any CPU
		{53124C1E-18C4-4021-A57C-D0E97A71E13E}.Debug|Any CPU.Build.0 = Debug|Any CPU
		{53124C1E-18C4-4021-A57C-D0E97A71E13E}.Release|Any CPU.ActiveCfg = Release|Any CPU
		{53124C1E-18C4-4021-A57C-D0E97A71E13E}.Release|Any CPU.Build.0 = Release|Any CPU
	EndGlobalSection
	GlobalSection(SolutionProperties) = preSolution
		HideSolutionNode = FALSE
	EndGlobalSection
EndGlobal
